github.com/go-sql-driver/mysql v1.4.1 h1:g24URVg0OFbNUTx9qqY1IRZ9D9z3iPyi5zKhQZpNwpA=
github.com/go-sql-driver/mysql v1.4.1/go.mod h1:zAC/RDZ24gD3HViQzih4MyKcchzm+sOG5ZlKdlhCg5w=
github.com/golang/protobuf v1.2.0/go.mod h1:6lQm79b+lXiMfvg/cZm0SGofjICqVBUtrP5yJMmIC1U=
github.com/vladimirok5959/golang-server-bootstrap v1.0.4 h1:+Su6EAc5ZXntjEOkYKVZUJ8pRVrh7GIvqrkmeMS48Vo=
github.com/vladimirok5959/golang-server-bootstrap v1.0.4/go.mod h1:R5PGBuqlupYd0evIXoi81plWH/HpNQO2V/jHxZzg2y0=
github.com/vladimirok5959/golang-server-bootstrap v1.0.5 h1:+7MfVJCh/c5LcDV9xCWeXSE3KVDSP5EiQPddkccznV8=
github.com/vladimirok5959/golang-server-bootstrap v1.0.5/go.mod h1:R5PGBuqlupYd0evIXoi81plWH/HpNQO2V/jHxZzg2y0=
github.com/vladimirok5959/golang-server-resources v1.0.2 h1:XwxFXyaOtfDGRmYp8P9q4P4gx4YK8NiYacpHe9V8Lck=
github.com/vladimirok5959/golang-server-resources v1.0.2/go.mod h1:tsf2oAEf3E3ukiQSCO7dstl0IXbEXec68UUIiMWysBc=
github.com/vladimirok5959/golang-server-sessions v1.0.2 h1:VG14aTnH8+vb81quhekkrJ1vTi57EU4USDX1UzDYIzw=
github.com/vladimirok5959/golang-server-sessions v1.0.2/go.mod h1:W6eCEIltyTs5IUvN1DfzLk59z+M1031kr8bMFUiq8vU=
github.com/vladimirok5959/golang-server-sessions v1.0.3 h1:P2HKDP1zY6H6XYrB8LzsW7boFLdWT+DtAIZE8kmtq9k=
github.com/vladimirok5959/golang-server-sessions v1.0.3/go.mod h1:W6eCEIltyTs5IUvN1DfzLk59z+M1031kr8bMFUiq8vU=
github.com/vladimirok5959/golang-server-sessions v1.0.4 h1:LsqgTDAjeSnPblzpof4GBTNV04Kv8T5FI1UvIX7WUTQ=
github.com/vladimirok5959/golang-server-sessions v1.0.4/go.mod h1:W6eCEIltyTs5IUvN1DfzLk59z+M1031kr8bMFUiq8vU=
github.com/vladimirok5959/golang-server-sessions v1.0.5 h1:/DgfYZ0cEfy4P9v2BEgScC89Mur25mSUQ2D5f/87Tb8=
github.com/vladimirok5959/golang-server-sessions v1.0.5/go.mod h1:W6eCEIltyTs5IUvN1DfzLk59z+M1031kr8bMFUiq8vU=
github.com/vladimirok5959/golang-server-static v1.0.0 h1:jmVNUCVF44+Am0euUMYFN4L3gdJYwm7aS8LFUmUAHJk=
github.com/vladimirok5959/golang-server-static v1.0.0/go.mod h1:dxZsjCCpT65Z9dLP6p7RmR2rbgtYj6E4FSSSUqkNrsw=
golang.org/x/net v0.0.0-20180724234803-3673e40ba225/go.mod h1:mL1N/T3taQHkDXs73rZJwtUhF3w3ftmwwsq0BUmARs4=
golang.org/x/text v0.3.0/go.mod h1:NqM8EUOU14njkJ3fqMW+pc6Ldnwhi/IjpwHt7yyuwOQ=
google.golang.org/appengine v1.4.0 h1:/wp5JvzpHIxhs/dumFmF7BXTf3Z+dd4uXta4kVyO508=
google.golang.org/appengine v1.4.0/go.mod h1:xpcJRLb0r/rnEns0DIKYYv+WjYCduHsrkT7/EB5XEv4=
