# This file is autogenerated, do not edit; changes may be undone by the next 'dep ensure'.


[[projects]]
  digest = "1:32c86e5ce15a42e48631f1384891c840f6067333f4735b3e904a462d14344114"
  name = "github.com/vladimirok5959/golang-server-bootstrap"
  packages = ["bootstrap"]
  pruneopts = "UT"
  revision = "1afc55739623b0d65c665abaa71624b4b48fa0df"
  version = "v1.0.0"

[solve-meta]
  analyzer-name = "dep"
  analyzer-version = 1
  input-imports = ["github.com/vladimirok5959/golang-server-bootstrap/bootstrap"]
  solver-name = "gps-cdcl"
  solver-version = 1
