# This file is autogenerated, do not edit; changes may be undone by the next 'dep ensure'.


[[projects]]
  digest = "1:32c86e5ce15a42e48631f1384891c840f6067333f4735b3e904a462d14344114"
  name = "github.com/vladimirok5959/golang-server-bootstrap"
  packages = ["bootstrap"]
  pruneopts = "UT"
  revision = "1afc55739623b0d65c665abaa71624b4b48fa0df"
  version = "v1.0.0"

[[projects]]
  digest = "1:3d823a99a747dbcdfb547754418ca792a57dfef66c2d1f540bffbf12c07bd7bf"
  name = "github.com/vladimirok5959/golang-server-resources"
  packages = ["resource"]
  pruneopts = "UT"
  revision = "4fce983c6e02d13313582a3c9f089c06c7979e8f"
  version = "v1.0.0"

[[projects]]
  digest = "1:3e4c59e0a867aea93adbfe66eb86b41a718dc9066534a068d00325164731bdf6"
  name = "github.com/vladimirok5959/golang-server-sessions"
  packages = ["session"]
  pruneopts = "UT"
  revision = "e000912f70a8354cc4d0bd05617629970e05c9b9"
  version = "v1.0.1"

[[projects]]
  digest = "1:6f6c69e51e5661d173aef0a46bbe99761ff947cc84d2a33a6be71bb483db73a1"
  name = "github.com/vladimirok5959/golang-server-static"
  packages = ["static"]
  pruneopts = "UT"
  revision = "00804ab7b07769acb79f9e13b1f91c91ec812393"
  version = "v1.0.0"

[solve-meta]
  analyzer-name = "dep"
  analyzer-version = 1
  input-imports = [
    "github.com/vladimirok5959/golang-server-bootstrap/bootstrap",
    "github.com/vladimirok5959/golang-server-resources/resource",
    "github.com/vladimirok5959/golang-server-sessions/session",
    "github.com/vladimirok5959/golang-server-static/static",
  ]
  solver-name = "gps-cdcl"
  solver-version = 1
